// !$*UTF8*$!
{
	archiveVersion = 1;
	classes = {
	};
	objectVersion = 50;
	objects = {

/* Begin PBXBuildFile section */
		47262BBD2182234F0020426B /* StoriesPresenterTest.swift in Sources */ = {isa = PBXBuildFile; fileRef = 47262BBC2182234F0020426B /* StoriesPresenterTest.swift */; };
		476D8E9C2163698F00B6D5AB /* AppDelegate.swift in Sources */ = {isa = PBXBuildFile; fileRef = 476D8E9B2163698F00B6D5AB /* AppDelegate.swift */; };
		476D8EA12163698F00B6D5AB /* Main.storyboard in Resources */ = {isa = PBXBuildFile; fileRef = 476D8E9F2163698F00B6D5AB /* Main.storyboard */; };
		476D8EA32163699200B6D5AB /* Assets.xcassets in Resources */ = {isa = PBXBuildFile; fileRef = 476D8EA22163699200B6D5AB /* Assets.xcassets */; };
		476D8EA62163699200B6D5AB /* LaunchScreen.storyboard in Resources */ = {isa = PBXBuildFile; fileRef = 476D8EA42163699200B6D5AB /* LaunchScreen.storyboard */; };
		476D8EB0216369EE00B6D5AB /* StoriesService.swift in Sources */ = {isa = PBXBuildFile; fileRef = 476D8EAF216369EE00B6D5AB /* StoriesService.swift */; };
		476D8EB321636A1A00B6D5AB /* NewsCell.swift in Sources */ = {isa = PBXBuildFile; fileRef = 476D8EB221636A1A00B6D5AB /* NewsCell.swift */; };
		476D8EB521636C3600B6D5AB /* Story.swift in Sources */ = {isa = PBXBuildFile; fileRef = 476D8EB421636C3600B6D5AB /* Story.swift */; };
		476D8EB72163798C00B6D5AB /* StoriesPresenter.swift in Sources */ = {isa = PBXBuildFile; fileRef = 476D8EB62163798C00B6D5AB /* StoriesPresenter.swift */; };
		47D131E92181115A00140FC8 /* StoriesViewController.swift in Sources */ = {isa = PBXBuildFile; fileRef = 47D131E82181115A00140FC8 /* StoriesViewController.swift */; };
		47D131EB2181124E00140FC8 /* DetailViewController.swift in Sources */ = {isa = PBXBuildFile; fileRef = 47D131EA2181124E00140FC8 /* DetailViewController.swift */; };
		4A6F38BDF35B7949B38EEDD0 /* Pods_Hacker_news.framework in Frameworks */ = {isa = PBXBuildFile; fileRef = 4BB2A19FB1D7616D997A7C9B /* Pods_Hacker_news.framework */; };
/* End PBXBuildFile section */

/* Begin PBXContainerItemProxy section */
		47262BBF2182234F0020426B /* PBXContainerItemProxy */ = {
			isa = PBXContainerItemProxy;
			containerPortal = 476D8E902163698F00B6D5AB /* Project object */;
			proxyType = 1;
			remoteGlobalIDString = 476D8E972163698F00B6D5AB;
			remoteInfo = "Hacker-news";
		};
/* End PBXContainerItemProxy section */

/* Begin PBXFileReference section */
		04E2C56E0ADB3058D1B610EF /* Pods-Hacker-news.release.xcconfig */ = {isa = PBXFileReference; includeInIndex = 1; lastKnownFileType = text.xcconfig; name = "Pods-Hacker-news.release.xcconfig"; path = "Pods/Target Support Files/Pods-Hacker-news/Pods-Hacker-news.release.xcconfig"; sourceTree = "<group>"; };
		47262BBA2182234F0020426B /* Hacker-newsTests.xctest */ = {isa = PBXFileReference; explicitFileType = wrapper.cfbundle; includeInIndex = 0; path = "Hacker-newsTests.xctest"; sourceTree = BUILT_PRODUCTS_DIR; };
		47262BBC2182234F0020426B /* StoriesPresenterTest.swift */ = {isa = PBXFileReference; lastKnownFileType = sourcecode.swift; path = StoriesPresenterTest.swift; sourceTree = "<group>"; };
		47262BBE2182234F0020426B /* Info.plist */ = {isa = PBXFileReference; lastKnownFileType = text.plist.xml; path = Info.plist; sourceTree = "<group>"; };
		476D8E982163698F00B6D5AB /* Hacker-news.app */ = {isa = PBXFileReference; explicitFileType = wrapper.application; includeInIndex = 0; path = "Hacker-news.app"; sourceTree = BUILT_PRODUCTS_DIR; };
		476D8E9B2163698F00B6D5AB /* AppDelegate.swift */ = {isa = PBXFileReference; lastKnownFileType = sourcecode.swift; path = AppDelegate.swift; sourceTree = "<group>"; };
		476D8EA02163698F00B6D5AB /* Base */ = {isa = PBXFileReference; lastKnownFileType = file.storyboard; name = Base; path = Base.lproj/Main.storyboard; sourceTree = "<group>"; };
		476D8EA22163699200B6D5AB /* Assets.xcassets */ = {isa = PBXFileReference; lastKnownFileType = folder.assetcatalog; path = Assets.xcassets; sourceTree = "<group>"; };
		476D8EA52163699200B6D5AB /* Base */ = {isa = PBXFileReference; lastKnownFileType = file.storyboard; name = Base; path = Base.lproj/LaunchScreen.storyboard; sourceTree = "<group>"; };
		476D8EA72163699200B6D5AB /* Info.plist */ = {isa = PBXFileReference; lastKnownFileType = text.plist.xml; path = Info.plist; sourceTree = "<group>"; };
		476D8EAF216369EE00B6D5AB /* StoriesService.swift */ = {isa = PBXFileReference; lastKnownFileType = sourcecode.swift; path = StoriesService.swift; sourceTree = "<group>"; };
		476D8EB221636A1A00B6D5AB /* NewsCell.swift */ = {isa = PBXFileReference; lastKnownFileType = sourcecode.swift; path = NewsCell.swift; sourceTree = "<group>"; };
		476D8EB421636C3600B6D5AB /* Story.swift */ = {isa = PBXFileReference; lastKnownFileType = sourcecode.swift; path = Story.swift; sourceTree = "<group>"; };
		476D8EB62163798C00B6D5AB /* StoriesPresenter.swift */ = {isa = PBXFileReference; lastKnownFileType = sourcecode.swift; path = StoriesPresenter.swift; sourceTree = "<group>"; };
		47D131E82181115A00140FC8 /* StoriesViewController.swift */ = {isa = PBXFileReference; fileEncoding = 4; lastKnownFileType = sourcecode.swift; path = StoriesViewController.swift; sourceTree = "<group>"; };
		47D131EA2181124E00140FC8 /* DetailViewController.swift */ = {isa = PBXFileReference; lastKnownFileType = sourcecode.swift; path = DetailViewController.swift; sourceTree = "<group>"; };
		4BB2A19FB1D7616D997A7C9B /* Pods_Hacker_news.framework */ = {isa = PBXFileReference; explicitFileType = wrapper.framework; includeInIndex = 0; path = Pods_Hacker_news.framework; sourceTree = BUILT_PRODUCTS_DIR; };
		F25B3BEE7AE07B65DA4D2C8B /* Pods-Hacker-news.debug.xcconfig */ = {isa = PBXFileReference; includeInIndex = 1; lastKnownFileType = text.xcconfig; name = "Pods-Hacker-news.debug.xcconfig"; path = "Pods/Target Support Files/Pods-Hacker-news/Pods-Hacker-news.debug.xcconfig"; sourceTree = "<group>"; };
/* End PBXFileReference section */

/* Begin PBXFrameworksBuildPhase section */
		47262BB72182234F0020426B /* Frameworks */ = {
			isa = PBXFrameworksBuildPhase;
			buildActionMask = 2147483647;
			files = (
			);
			runOnlyForDeploymentPostprocessing = 0;
		};
		476D8E952163698F00B6D5AB /* Frameworks */ = {
			isa = PBXFrameworksBuildPhase;
			buildActionMask = 2147483647;
			files = (
				4A6F38BDF35B7949B38EEDD0 /* Pods_Hacker_news.framework in Frameworks */,
			);
			runOnlyForDeploymentPostprocessing = 0;
		};
/* End PBXFrameworksBuildPhase section */

/* Begin PBXGroup section */
		47262BBB2182234F0020426B /* Hacker-newsTests */ = {
			isa = PBXGroup;
			children = (
				47262BBC2182234F0020426B /* StoriesPresenterTest.swift */,
				47262BBE2182234F0020426B /* Info.plist */,
			);
			path = "Hacker-newsTests";
			sourceTree = "<group>";
		};
		476D8E8F2163698F00B6D5AB = {
			isa = PBXGroup;
			children = (
				476D8E9A2163698F00B6D5AB /* Hacker-news */,
				47262BBB2182234F0020426B /* Hacker-newsTests */,
				476D8E992163698F00B6D5AB /* Products */,
				5229D0CBF087A96FD7DAE987 /* Pods */,
				A2619917CEE9487AF83A15BE /* Frameworks */,
			);
			sourceTree = "<group>";
		};
		476D8E992163698F00B6D5AB /* Products */ = {
			isa = PBXGroup;
			children = (
				476D8E982163698F00B6D5AB /* Hacker-news.app */,
				47262BBA2182234F0020426B /* Hacker-newsTests.xctest */,
			);
			name = Products;
			sourceTree = "<group>";
		};
		476D8E9A2163698F00B6D5AB /* Hacker-news */ = {
			isa = PBXGroup;
			children = (
				47D131E72181020A00140FC8 /* Model */,
				47D131E321808DFB00140FC8 /* Service */,
				476D8EAE216369D000B6D5AB /* Presenter */,
				476D8EAD216369C200B6D5AB /* Controllers */,
				476D8E9B2163698F00B6D5AB /* AppDelegate.swift */,
				476D8E9F2163698F00B6D5AB /* Main.storyboard */,
				476D8EA22163699200B6D5AB /* Assets.xcassets */,
				476D8EA42163699200B6D5AB /* LaunchScreen.storyboard */,
				476D8EA72163699200B6D5AB /* Info.plist */,
			);
			path = "Hacker-news";
			sourceTree = "<group>";
		};
		476D8EAD216369C200B6D5AB /* Controllers */ = {
			isa = PBXGroup;
			children = (
				476D8EB1216369F900B6D5AB /* Cells */,
				47D131E82181115A00140FC8 /* StoriesViewController.swift */,
				47D131EA2181124E00140FC8 /* DetailViewController.swift */,
			);
			path = Controllers;
			sourceTree = "<group>";
		};
		476D8EAE216369D000B6D5AB /* Presenter */ = {
			isa = PBXGroup;
			children = (
				476D8EB62163798C00B6D5AB /* StoriesPresenter.swift */,
			);
			path = Presenter;
			sourceTree = "<group>";
		};
		476D8EB1216369F900B6D5AB /* Cells */ = {
			isa = PBXGroup;
			children = (
				476D8EB221636A1A00B6D5AB /* NewsCell.swift */,
			);
			path = Cells;
			sourceTree = "<group>";
		};
		47D131E321808DFB00140FC8 /* Service */ = {
			isa = PBXGroup;
			children = (
				476D8EAF216369EE00B6D5AB /* StoriesService.swift */,
			);
			path = Service;
			sourceTree = "<group>";
		};
		47D131E72181020A00140FC8 /* Model */ = {
			isa = PBXGroup;
			children = (
				476D8EB421636C3600B6D5AB /* Story.swift */,
			);
			path = Model;
			sourceTree = "<group>";
		};
		5229D0CBF087A96FD7DAE987 /* Pods */ = {
			isa = PBXGroup;
			children = (
				F25B3BEE7AE07B65DA4D2C8B /* Pods-Hacker-news.debug.xcconfig */,
				04E2C56E0ADB3058D1B610EF /* Pods-Hacker-news.release.xcconfig */,
			);
			name = Pods;
			sourceTree = "<group>";
		};
		A2619917CEE9487AF83A15BE /* Frameworks */ = {
			isa = PBXGroup;
			children = (
				4BB2A19FB1D7616D997A7C9B /* Pods_Hacker_news.framework */,
			);
			name = Frameworks;
			sourceTree = "<group>";
		};
/* End PBXGroup section */

/* Begin PBXNativeTarget section */
		47262BB92182234F0020426B /* Hacker-newsTests */ = {
			isa = PBXNativeTarget;
			buildConfigurationList = 47262BC3218223500020426B /* Build configuration list for PBXNativeTarget "Hacker-newsTests" */;
			buildPhases = (
				47262BB62182234F0020426B /* Sources */,
				47262BB72182234F0020426B /* Frameworks */,
				47262BB82182234F0020426B /* Resources */,
			);
			buildRules = (
			);
			dependencies = (
				47262BC02182234F0020426B /* PBXTargetDependency */,
			);
			name = "Hacker-newsTests";
			productName = "Hacker-newsTests";
			productReference = 47262BBA2182234F0020426B /* Hacker-newsTests.xctest */;
			productType = "com.apple.product-type.bundle.unit-test";
		};
		476D8E972163698F00B6D5AB /* Hacker-news */ = {
			isa = PBXNativeTarget;
			buildConfigurationList = 476D8EAA2163699200B6D5AB /* Build configuration list for PBXNativeTarget "Hacker-news" */;
			buildPhases = (
				172FB29997FE838951A3AAE6 /* [CP] Check Pods Manifest.lock */,
				476D8E942163698F00B6D5AB /* Sources */,
				476D8E952163698F00B6D5AB /* Frameworks */,
				476D8E962163698F00B6D5AB /* Resources */,
				2FB333A7E91C6BA6E00EFC10 /* [CP] Embed Pods Frameworks */,
			);
			buildRules = (
			);
			dependencies = (
			);
			name = "Hacker-news";
			productName = "Hacker-news";
			productReference = 476D8E982163698F00B6D5AB /* Hacker-news.app */;
			productType = "com.apple.product-type.application";
		};
/* End PBXNativeTarget section */

/* Begin PBXProject section */
		476D8E902163698F00B6D5AB /* Project object */ = {
			isa = PBXProject;
			attributes = {
				LastSwiftUpdateCheck = 0940;
				LastUpgradeCheck = 0940;
				ORGANIZATIONNAME = "Henry Chukwu";
				TargetAttributes = {
					47262BB92182234F0020426B = {
						CreatedOnToolsVersion = 9.4.1;
						TestTargetID = 476D8E972163698F00B6D5AB;
					};
					476D8E972163698F00B6D5AB = {
						CreatedOnToolsVersion = 9.4.1;
					};
				};
			};
			buildConfigurationList = 476D8E932163698F00B6D5AB /* Build configuration list for PBXProject "Hacker-news" */;
			compatibilityVersion = "Xcode 9.3";
			developmentRegion = en;
			hasScannedForEncodings = 0;
			knownRegions = (
				en,
				Base,
			);
			mainGroup = 476D8E8F2163698F00B6D5AB;
			productRefGroup = 476D8E992163698F00B6D5AB /* Products */;
			projectDirPath = "";
			projectRoot = "";
			targets = (
				476D8E972163698F00B6D5AB /* Hacker-news */,
				47262BB92182234F0020426B /* Hacker-newsTests */,
			);
		};
/* End PBXProject section */

/* Begin PBXResourcesBuildPhase section */
		47262BB82182234F0020426B /* Resources */ = {
			isa = PBXResourcesBuildPhase;
			buildActionMask = 2147483647;
			files = (
			);
			runOnlyForDeploymentPostprocessing = 0;
		};
		476D8E962163698F00B6D5AB /* Resources */ = {
			isa = PBXResourcesBuildPhase;
			buildActionMask = 2147483647;
			files = (
				476D8EA62163699200B6D5AB /* LaunchScreen.storyboard in Resources */,
				476D8EA32163699200B6D5AB /* Assets.xcassets in Resources */,
				476D8EA12163698F00B6D5AB /* Main.storyboard in Resources */,
			);
			runOnlyForDeploymentPostprocessing = 0;
		};
/* End PBXResourcesBuildPhase section */

/* Begin PBXShellScriptBuildPhase section */
		172FB29997FE838951A3AAE6 /* [CP] Check Pods Manifest.lock */ = {
			isa = PBXShellScriptBuildPhase;
			buildActionMask = 2147483647;
			files = (
			);
			inputPaths = (
				"${PODS_PODFILE_DIR_PATH}/Podfile.lock",
				"${PODS_ROOT}/Manifest.lock",
			);
			name = "[CP] Check Pods Manifest.lock";
			outputPaths = (
				"$(DERIVED_FILE_DIR)/Pods-Hacker-news-checkManifestLockResult.txt",
			);
			runOnlyForDeploymentPostprocessing = 0;
			shellPath = /bin/sh;
			shellScript = "diff \"${PODS_PODFILE_DIR_PATH}/Podfile.lock\" \"${PODS_ROOT}/Manifest.lock\" > /dev/null\nif [ $? != 0 ] ; then\n    # print error to STDERR\n    echo \"error: The sandbox is not in sync with the Podfile.lock. Run 'pod install' or update your CocoaPods installation.\" >&2\n    exit 1\nfi\n# This output is used by Xcode 'outputs' to avoid re-running this script phase.\necho \"SUCCESS\" > \"${SCRIPT_OUTPUT_FILE_0}\"\n";
			showEnvVarsInLog = 0;
		};
		2FB333A7E91C6BA6E00EFC10 /* [CP] Embed Pods Frameworks */ = {
			isa = PBXShellScriptBuildPhase;
			buildActionMask = 2147483647;
			files = (
			);
			inputPaths = (
				"${SRCROOT}/Pods/Target Support Files/Pods-Hacker-news/Pods-Hacker-news-frameworks.sh",
				"${BUILT_PRODUCTS_DIR}/Alamofire/Alamofire.framework",
				"${BUILT_PRODUCTS_DIR}/SwiftyJSON/SwiftyJSON.framework",
			);
			name = "[CP] Embed Pods Frameworks";
			outputPaths = (
				"${TARGET_BUILD_DIR}/${FRAMEWORKS_FOLDER_PATH}/Alamofire.framework",
				"${TARGET_BUILD_DIR}/${FRAMEWORKS_FOLDER_PATH}/SwiftyJSON.framework",
			);
			runOnlyForDeploymentPostprocessing = 0;
			shellPath = /bin/sh;
			shellScript = "\"${SRCROOT}/Pods/Target Support Files/Pods-Hacker-news/Pods-Hacker-news-frameworks.sh\"\n";
			showEnvVarsInLog = 0;
		};
/* End PBXShellScriptBuildPhase section */

/* Begin PBXSourcesBuildPhase section */
		47262BB62182234F0020426B /* Sources */ = {
			isa = PBXSourcesBuildPhase;
			buildActionMask = 2147483647;
			files = (
				47262BBD2182234F0020426B /* StoriesPresenterTest.swift in Sources */,
			);
			runOnlyForDeploymentPostprocessing = 0;
		};
		476D8E942163698F00B6D5AB /* Sources */ = {
			isa = PBXSourcesBuildPhase;
			buildActionMask = 2147483647;
			files = (
				476D8EB72163798C00B6D5AB /* StoriesPresenter.swift in Sources */,
				476D8EB0216369EE00B6D5AB /* StoriesService.swift in Sources */,
				476D8EB321636A1A00B6D5AB /* NewsCell.swift in Sources */,
				47D131E92181115A00140FC8 /* StoriesViewController.swift in Sources */,
				476D8E9C2163698F00B6D5AB /* AppDelegate.swift in Sources */,
				476D8EB521636C3600B6D5AB /* Story.swift in Sources */,
				47D131EB2181124E00140FC8 /* DetailViewController.swift in Sources */,
			);
			runOnlyForDeploymentPostprocessing = 0;
		};
/* End PBXSourcesBuildPhase section */

/* Begin PBXTargetDependency section */
		47262BC02182234F0020426B /* PBXTargetDependency */ = {
			isa = PBXTargetDependency;
			target = 476D8E972163698F00B6D5AB /* Hacker-news */;
			targetProxy = 47262BBF2182234F0020426B /* PBXContainerItemProxy */;
		};
/* End PBXTargetDependency section */

/* Begin PBXVariantGroup section */
		476D8E9F2163698F00B6D5AB /* Main.storyboard */ = {
			isa = PBXVariantGroup;
			children = (
				476D8EA02163698F00B6D5AB /* Base */,
			);
			name = Main.storyboard;
			sourceTree = "<group>";
		};
		476D8EA42163699200B6D5AB /* LaunchScreen.storyboard */ = {
			isa = PBXVariantGroup;
			children = (
				476D8EA52163699200B6D5AB /* Base */,
			);
			name = LaunchScreen.storyboard;
			sourceTree = "<group>";
		};
/* End PBXVariantGroup section */

/* Begin XCBuildConfiguration section */
		47262BC1218223500020426B /* Debug */ = {
			isa = XCBuildConfiguration;
			buildSettings = {
				BUNDLE_LOADER = "$(TEST_HOST)";
				CODE_SIGN_STYLE = Automatic;
				DEVELOPMENT_TEAM = A39EXWY942;
				INFOPLIST_FILE = "Hacker-newsTests/Info.plist";
				LD_RUNPATH_SEARCH_PATHS = (
					"$(inherited)",
					"@executable_path/Frameworks",
					"@loader_path/Frameworks",
				);
				PRODUCT_BUNDLE_IDENTIFIER = "com.henry.Hacker-newsTests";
				PRODUCT_NAME = "$(TARGET_NAME)";
				SWIFT_VERSION = 4.0;
				TARGETED_DEVICE_FAMILY = "1,2";
				TEST_HOST = "$(BUILT_PRODUCTS_DIR)/Hacker-news.app/Hacker-news";
			};
			name = Debug;
		};
		47262BC2218223500020426B /* Release */ = {
			isa = XCBuildConfiguration;
			buildSettings = {
				BUNDLE_LOADER = "$(TEST_HOST)";
				CODE_SIGN_STYLE = Automatic;
				DEVELOPMENT_TEAM = A39EXWY942;
				INFOPLIST_FILE = "Hacker-newsTests/Info.plist";
				LD_RUNPATH_SEARCH_PATHS = (
					"$(inherited)",
					"@executable_path/Frameworks",
					"@loader_path/Frameworks",
				);
				PRODUCT_BUNDLE_IDENTIFIER = "com.henry.Hacker-newsTests";
				PRODUCT_NAME = "$(TARGET_NAME)";
				SWIFT_VERSION = 4.0;
				TARGETED_DEVICE_FAMILY = "1,2";
				TEST_HOST = "$(BUILT_PRODUCTS_DIR)/Hacker-news.app/Hacker-news";
			};
			name = Release;
		};
		476D8EA82163699200B6D5AB /* Debug */ = {
			isa = XCBuildConfiguration;
			buildSettings = {
				ALWAYS_SEARCH_USER_PATHS = NO;
				CLANG_ANALYZER_NONNULL = YES;
				CLANG_ANALYZER_NUMBER_OBJECT_CONVERSION = YES_AGGRESSIVE;
				CLANG_CXX_LANGUAGE_STANDARD = "gnu++14";
				CLANG_CXX_LIBRARY = "libc++";
				CLANG_ENABLE_MODULES = YES;
				CLANG_ENABLE_OBJC_ARC = YES;
				CLANG_ENABLE_OBJC_WEAK = YES;
				CLANG_WARN_BLOCK_CAPTURE_AUTORELEASING = YES;
				CLANG_WARN_BOOL_CONVERSION = YES;
				CLANG_WARN_COMMA = YES;
				CLANG_WARN_CONSTANT_CONVERSION = YES;
				CLANG_WARN_DEPRECATED_OBJC_IMPLEMENTATIONS = YES;
				CLANG_WARN_DIRECT_OBJC_ISA_USAGE = YES_ERROR;
				CLANG_WARN_DOCUMENTATION_COMMENTS = YES;
				CLANG_WARN_EMPTY_BODY = YES;
				CLANG_WARN_ENUM_CONVERSION = YES;
				CLANG_WARN_INFINITE_RECURSION = YES;
				CLANG_WARN_INT_CONVERSION = YES;
				CLANG_WARN_NON_LITERAL_NULL_CONVERSION = YES;
				CLANG_WARN_OBJC_IMPLICIT_RETAIN_SELF = YES;
				CLANG_WARN_OBJC_LITERAL_CONVERSION = YES;
				CLANG_WARN_OBJC_ROOT_CLASS = YES_ERROR;
				CLANG_WARN_RANGE_LOOP_ANALYSIS = YES;
				CLANG_WARN_STRICT_PROTOTYPES = YES;
				CLANG_WARN_SUSPICIOUS_MOVE = YES;
				CLANG_WARN_UNGUARDED_AVAILABILITY = YES_AGGRESSIVE;
				CLANG_WARN_UNREACHABLE_CODE = YES;
				CLANG_WARN__DUPLICATE_METHOD_MATCH = YES;
				CODE_SIGN_IDENTITY = "iPhone Developer";
				COPY_PHASE_STRIP = NO;
				DEBUG_INFORMATION_FORMAT = dwarf;
				ENABLE_STRICT_OBJC_MSGSEND = YES;
				ENABLE_TESTABILITY = YES;
				GCC_C_LANGUAGE_STANDARD = gnu11;
				GCC_DYNAMIC_NO_PIC = NO;
				GCC_NO_COMMON_BLOCKS = YES;
				GCC_OPTIMIZATION_LEVEL = 0;
				GCC_PREPROCESSOR_DEFINITIONS = (
					"DEBUG=1",
					"$(inherited)",
				);
				GCC_WARN_64_TO_32_BIT_CONVERSION = YES;
				GCC_WARN_ABOUT_RETURN_TYPE = YES_ERROR;
				GCC_WARN_UNDECLARED_SELECTOR = YES;
				GCC_WARN_UNINITIALIZED_AUTOS = YES_AGGRESSIVE;
				GCC_WARN_UNUSED_FUNCTION = YES;
				GCC_WARN_UNUSED_VARIABLE = YES;
				IPHONEOS_DEPLOYMENT_TARGET = 11.4;
				MTL_ENABLE_DEBUG_INFO = YES;
				ONLY_ACTIVE_ARCH = YES;
				SDKROOT = iphoneos;
				SWIFT_ACTIVE_COMPILATION_CONDITIONS = DEBUG;
				SWIFT_OPTIMIZATION_LEVEL = "-Onone";
			};
			name = Debug;
		};
		476D8EA92163699200B6D5AB /* Release */ = {
			isa = XCBuildConfiguration;
			buildSettings = {
				ALWAYS_SEARCH_USER_PATHS = NO;
				CLANG_ANALYZER_NONNULL = YES;
				CLANG_ANALYZER_NUMBER_OBJECT_CONVERSION = YES_AGGRESSIVE;
				CLANG_CXX_LANGUAGE_STANDARD = "gnu++14";
				CLANG_CXX_LIBRARY = "libc++";
				CLANG_ENABLE_MODULES = YES;
				CLANG_ENABLE_OBJC_ARC = YES;
				CLANG_ENABLE_OBJC_WEAK = YES;
				CLANG_WARN_BLOCK_CAPTURE_AUTORELEASING = YES;
				CLANG_WARN_BOOL_CONVERSION = YES;
				CLANG_WARN_COMMA = YES;
				CLANG_WARN_CONSTANT_CONVERSION = YES;
				CLANG_WARN_DEPRECATED_OBJC_IMPLEMENTATIONS = YES;
				CLANG_WARN_DIRECT_OBJC_ISA_USAGE = YES_ERROR;
				CLANG_WARN_DOCUMENTATION_COMMENTS = YES;
				CLANG_WARN_EMPTY_BODY = YES;
				CLANG_WARN_ENUM_CONVERSION = YES;
				CLANG_WARN_INFINITE_RECURSION = YES;
				CLANG_WARN_INT_CONVERSION = YES;
				CLANG_WARN_NON_LITERAL_NULL_CONVERSION = YES;
				CLANG_WARN_OBJC_IMPLICIT_RETAIN_SELF = YES;
				CLANG_WARN_OBJC_LITERAL_CONVERSION = YES;
				CLANG_WARN_OBJC_ROOT_CLASS = YES_ERROR;
				CLANG_WARN_RANGE_LOOP_ANALYSIS = YES;
				CLANG_WARN_STRICT_PROTOTYPES = YES;
				CLANG_WARN_SUSPICIOUS_MOVE = YES;
				CLANG_WARN_UNGUARDED_AVAILABILITY = YES_AGGRESSIVE;
				CLANG_WARN_UNREACHABLE_CODE = YES;
				CLANG_WARN__DUPLICATE_METHOD_MATCH = YES;
				CODE_SIGN_IDENTITY = "iPhone Developer";
				COPY_PHASE_STRIP = NO;
				DEBUG_INFORMATION_FORMAT = "dwarf-with-dsym";
				ENABLE_NS_ASSERTIONS = NO;
				ENABLE_STRICT_OBJC_MSGSEND = YES;
				GCC_C_LANGUAGE_STANDARD = gnu11;
				GCC_NO_COMMON_BLOCKS = YES;
				GCC_WARN_64_TO_32_BIT_CONVERSION = YES;
				GCC_WARN_ABOUT_RETURN_TYPE = YES_ERROR;
				GCC_WARN_UNDECLARED_SELECTOR = YES;
				GCC_WARN_UNINITIALIZED_AUTOS = YES_AGGRESSIVE;
				GCC_WARN_UNUSED_FUNCTION = YES;
				GCC_WARN_UNUSED_VARIABLE = YES;
				IPHONEOS_DEPLOYMENT_TARGET = 11.4;
				MTL_ENABLE_DEBUG_INFO = NO;
				SDKROOT = iphoneos;
				SWIFT_COMPILATION_MODE = wholemodule;
				SWIFT_OPTIMIZATION_LEVEL = "-O";
				VALIDATE_PRODUCT = YES;
			};
			name = Release;
		};
		476D8EAB2163699200B6D5AB /* Debug */ = {
			isa = XCBuildConfiguration;
			baseConfigurationReference = F25B3BEE7AE07B65DA4D2C8B /* Pods-Hacker-news.debug.xcconfig */;
			buildSettings = {
				ASSETCATALOG_COMPILER_APPICON_NAME = AppIcon;
				CODE_SIGN_STYLE = Automatic;
				DEVELOPMENT_TEAM = A39EXWY942;
				INFOPLIST_FILE = "Hacker-news/Info.plist";
				LD_RUNPATH_SEARCH_PATHS = (
					"$(inherited)",
					"@executable_path/Frameworks",
				);
				PRODUCT_BUNDLE_IDENTIFIER = "com.henry.Hacker-news";
				PRODUCT_NAME = "$(TARGET_NAME)";
				SWIFT_VERSION = 4.0;
				TARGETED_DEVICE_FAMILY = "1,2";
			};
			name = Debug;
		};
		476D8EAC2163699200B6D5AB /* Release */ = {
			isa = XCBuildConfiguration;
			baseConfigurationReference = 04E2C56E0ADB3058D1B610EF /* Pods-Hacker-news.release.xcconfig */;
			buildSettings = {
				ASSETCATALOG_COMPILER_APPICON_NAME = AppIcon;
				CODE_SIGN_STYLE = Automatic;
				DEVELOPMENT_TEAM = A39EXWY942;
				INFOPLIST_FILE = "Hacker-news/Info.plist";
				LD_RUNPATH_SEARCH_PATHS = (
					"$(inherited)",
					"@executable_path/Frameworks",
				);
				PRODUCT_BUNDLE_IDENTIFIER = "com.henry.Hacker-news";
				PRODUCT_NAME = "$(TARGET_NAME)";
				SWIFT_VERSION = 4.0;
				TARGETED_DEVICE_FAMILY = "1,2";
			};
			name = Release;
		};
/* End XCBuildConfiguration section */

/* Begin XCConfigurationList section */
		47262BC3218223500020426B /* Build configuration list for PBXNativeTarget "Hacker-newsTests" */ = {
			isa = XCConfigurationList;
			buildConfigurations = (
				47262BC1218223500020426B /* Debug */,
				47262BC2218223500020426B /* Release */,
			);
			defaultConfigurationIsVisible = 0;
			defaultConfigurationName = Release;
		};
		476D8E932163698F00B6D5AB /* Build configuration list for PBXProject "Hacker-news" */ = {
			isa = XCConfigurationList;
			buildConfigurations = (
				476D8EA82163699200B6D5AB /* Debug */,
				476D8EA92163699200B6D5AB /* Release */,
			);
			defaultConfigurationIsVisible = 0;
			defaultConfigurationName = Release;
		};
		476D8EAA2163699200B6D5AB /* Build configuration list for PBXNativeTarget "Hacker-news" */ = {
			isa = XCConfigurationList;
			buildConfigurations = (
				476D8EAB2163699200B6D5AB /* Debug */,
				476D8EAC2163699200B6D5AB /* Release */,
			);
			defaultConfigurationIsVisible = 0;
			defaultConfigurationName = Release;
		};
/* End XCConfigurationList section */
	};
	rootObject = 476D8E902163698F00B6D5AB /* Project object */;
}
